PODS:
  - FlutterMacOS (1.0.0)
  - native_auth_flutter (0.0.1):
    - FlutterMacOS
  - objective_c (0.0.1):
    - FlutterMacOS
  - url_launcher_macos (0.0.1):
    - FlutterMacOS

DEPENDENCIES:
  - FlutterMacOS (from `Flutter/ephemeral`)
  - native_auth_flutter (from `Flutter/ephemeral/.symlinks/plugins/native_auth_flutter/macos`)
  - objective_c (from `Flutter/ephemeral/.symlinks/plugins/objective_c/macos`)
  - url_launcher_macos (from `Flutter/ephemeral/.symlinks/plugins/url_launcher_macos/macos`)

EXTERNAL SOURCES:
  FlutterMacOS:
    :path: Flutter/ephemeral
  native_auth_flutter:
    :path: Flutter/ephemeral/.symlinks/plugins/native_auth_flutter/macos
  objective_c:
    :path: Flutter/ephemeral/.symlinks/plugins/objective_c/macos
  url_launcher_macos:
    :path: Flutter/ephemeral/.symlinks/plugins/url_launcher_macos/macos

SPEC CHECKSUMS:
  FlutterMacOS: 8f6f14fa908a6fb3fba0cd85dbd81ec4b251fb24
  native_auth_flutter: ac526268fc3e6f76b9d0d48d1847baab3d509449
  objective_c: c13d3306e0fbf006bad001fd523e4bf8ebda8953
  url_launcher_macos: 5f437abeda8c85500ceb03f5c1938a8c5a705399

PODFILE CHECKSUM: 9ebaf0ce3d369aaa26a9ea0e159195ed94724cf3

COCOAPODS: 1.15.2
